
Microsoft Visual Studio Solution File, Format Version 12.00
# Visual Studio Version 16
VisualStudioVersion = 16.0.30503.244
MinimumVisualStudioVersion = 10.0.40219.1
Project("{FAE04EC0-301F-11D3-BF4B-00C04F79EFBC}") = "PIS", "PIS\PIS.csproj", "{2E6D8B5D-A102-457F-98E8-3A7872D9576D}"
EndProject
Project("{FAE04EC0-301F-11D3-BF4B-00C04F79EFBC}") = "PIS.Domain", "PIS.Domain\PIS.Domain.csproj", "{324FD573-2CC5-4752-AC80-8A8C03C67934}"
EndProject
Global
	GlobalSection(SolutionConfigurationPlatforms) = preSolution
		Debug|Any CPU = Debug|Any CPU
		Release|Any CPU = Release|Any CPU
	EndGlobalSection
	GlobalSection(ProjectConfigurationPlatforms) = postSolution
		{2E6D8B5D-A102-457F-98E8-3A7872D9576D}.Debug|Any CPU.ActiveCfg = Debug|Any CPU
		{2E6D8B5D-A102-457F-98E8-3A7872D9576D}.Debug|Any CPU.Build.0 = Debug|Any CPU
		{2E6D8B5D-A102-457F-98E8-3A7872D9576D}.Release|Any CPU.ActiveCfg = Release|Any CPU
		{2E6D8B5D-A102-457F-98E8-3A7872D9576D}.Release|Any CPU.Build.0 = Release|Any CPU
		{324FD573-2CC5-4752-AC80-8A8C03C67934}.Debug|Any CPU.ActiveCfg = Debug|Any CPU
		{324FD573-2CC5-4752-AC80-8A8C03C67934}.Debug|Any CPU.Build.0 = Debug|Any CPU
		{324FD573-2CC5-4752-AC80-8A8C03C67934}.Release|Any CPU.ActiveCfg = Release|Any CPU
		{324FD573-2CC5-4752-AC80-8A8C03C67934}.Release|Any CPU.Build.0 = Release|Any CPU
	EndGlobalSection
	GlobalSection(SolutionProperties) = preSolution
		HideSolutionNode = FALSE
	EndGlobalSection
	GlobalSection(ExtensibilityGlobals) = postSolution
		SolutionGuid = {574B5F6D-AC8A-489B-A274-88019AFFCF61}
	EndGlobalSection
EndGlobal
